
Microsoft Visual Studio Solution File, Format Version 12.00
# Visual Studio Version 17
VisualStudioVersion = 17.0.31903.59
MinimumVisualStudioVersion = 10.0.40219.1
Project("{2150E333-8FDC-42A3-9474-1A3956D46DE8}") = "src", "src", "{827E0CD3-B72D-47B6-A68D-7590B98EB39B}"
EndProject
Project("{FAE04EC0-301F-11D3-BF4B-00C04F79EFBC}") = "Template.Host", "src\Template.Host\Template.Host.csproj", "{21EBDEE2-CBF5-493B-A68D-EA25475F07B9}"
EndProject
Project("{FAE04EC0-301F-11D3-BF4B-00C04F79EFBC}") = "Template.Agents", "src\Template.Agents\Template.Agents.csproj", "{22D5AFCA-C4C3-41B7-A25E-DD705355BEC9}"
EndProject
Project("{FAE04EC0-301F-11D3-BF4B-00C04F79EFBC}") = "Template.Tools", "src\Template.Tools\Template.Tools.csproj", "{63593AAB-AF98-43C9-A325-55483841BF73}"
EndProject
Project("{FAE04EC0-301F-11D3-BF4B-00C04F79EFBC}") = "Template.Mcp", "src\Template.Mcp\Template.Mcp.csproj", "{80EB76B3-E176-4F4A-87A0-29291D929BFD}"
EndProject
Project("{FAE04EC0-301F-11D3-BF4B-00C04F79EFBC}") = "Template.Observability", "src\Template.Observability\Template.Observability.csproj", "{7F006861-FB90-4928-9EF3-DD5167DCE67C}"
EndProject
Project("{FAE04EC0-301F-11D3-BF4B-00C04F79EFBC}") = "Template.Evaluation", "src\Template.Evaluation\Template.Evaluation.csproj", "{E9667CEF-2843-4C2C-B513-2242A8BD644A}"
EndProject
Project("{FAE04EC0-301F-11D3-BF4B-00C04F79EFBC}") = "Template.UnitTests", "tests\Template.UnitTests\Template.UnitTests.csproj", "{4590F6DA-C720-41C2-AEEB-D9B76902D8F8}"
EndProject
Project("{FAE04EC0-301F-11D3-BF4B-00C04F79EFBC}") = "Template.IntegrationTests", "tests\Template.IntegrationTests\Template.IntegrationTests.csproj", "{7E58B476-2398-408F-B3E7-795F204F91A8}"
EndProject
Project("{FAE04EC0-301F-11D3-BF4B-00C04F79EFBC}") = "Template.Scenarios", "src\Template.Scenarios\Template.Scenarios.csproj", "{2621619C-B8F6-4641-B9EE-837CB02009B9}"
EndProject
Global
	GlobalSection(SolutionConfigurationPlatforms) = preSolution
		Debug|Any CPU = Debug|Any CPU
		Debug|x64 = Debug|x64
		Debug|x86 = Debug|x86
		Release|Any CPU = Release|Any CPU
		Release|x64 = Release|x64
		Release|x86 = Release|x86
	EndGlobalSection
	GlobalSection(ProjectConfigurationPlatforms) = postSolution
		{21EBDEE2-CBF5-493B-A68D-EA25475F07B9}.Debug|Any CPU.ActiveCfg = Debug|Any CPU
		{21EBDEE2-CBF5-493B-A68D-EA25475F07B9}.Debug|Any CPU.Build.0 = Debug|Any CPU
		{21EBDEE2-CBF5-493B-A68D-EA25475F07B9}.Debug|x64.ActiveCfg = Debug|Any CPU
		{21EBDEE2-CBF5-493B-A68D-EA25475F07B9}.Debug|x64.Build.0 = Debug|Any CPU
		{21EBDEE2-CBF5-493B-A68D-EA25475F07B9}.Debug|x86.ActiveCfg = Debug|Any CPU
		{21EBDEE2-CBF5-493B-A68D-EA25475F07B9}.Debug|x86.Build.0 = Debug|Any CPU
		{21EBDEE2-CBF5-493B-A68D-EA25475F07B9}.Release|Any CPU.ActiveCfg = Release|Any CPU
		{21EBDEE2-CBF5-493B-A68D-EA25475F07B9}.Release|Any CPU.Build.0 = Release|Any CPU
		{21EBDEE2-CBF5-493B-A68D-EA25475F07B9}.Release|x64.ActiveCfg = Release|Any CPU
		{21EBDEE2-CBF5-493B-A68D-EA25475F07B9}.Release|x64.Build.0 = Release|Any CPU
		{21EBDEE2-CBF5-493B-A68D-EA25475F07B9}.Release|x86.ActiveCfg = Release|Any CPU
		{21EBDEE2-CBF5-493B-A68D-EA25475F07B9}.Release|x86.Build.0 = Release|Any CPU
		{22D5AFCA-C4C3-41B7-A25E-DD705355BEC9}.Debug|Any CPU.ActiveCfg = Debug|Any CPU
		{22D5AFCA-C4C3-41B7-A25E-DD705355BEC9}.Debug|Any CPU.Build.0 = Debug|Any CPU
		{22D5AFCA-C4C3-41B7-A25E-DD705355BEC9}.Debug|x64.ActiveCfg = Debug|Any CPU
		{22D5AFCA-C4C3-41B7-A25E-DD705355BEC9}.Debug|x64.Build.0 = Debug|Any CPU
		{22D5AFCA-C4C3-41B7-A25E-DD705355BEC9}.Debug|x86.ActiveCfg = Debug|Any CPU
		{22D5AFCA-C4C3-41B7-A25E-DD705355BEC9}.Debug|x86.Build.0 = Debug|Any CPU
		{22D5AFCA-C4C3-41B7-A25E-DD705355BEC9}.Release|Any CPU.ActiveCfg = Release|Any CPU
		{22D5AFCA-C4C3-41B7-A25E-DD705355BEC9}.Release|Any CPU.Build.0 = Release|Any CPU
		{22D5AFCA-C4C3-41B7-A25E-DD705355BEC9}.Release|x64.ActiveCfg = Release|Any CPU
		{22D5AFCA-C4C3-41B7-A25E-DD705355BEC9}.Release|x64.Build.0 = Release|Any CPU
		{22D5AFCA-C4C3-41B7-A25E-DD705355BEC9}.Release|x86.ActiveCfg = Release|Any CPU
		{22D5AFCA-C4C3-41B7-A25E-DD705355BEC9}.Release|x86.Build.0 = Release|Any CPU
		{63593AAB-AF98-43C9-A325-55483841BF73}.Debug|Any CPU.ActiveCfg = Debug|Any CPU
		{63593AAB-AF98-43C9-A325-55483841BF73}.Debug|Any CPU.Build.0 = Debug|Any CPU
		{63593AAB-AF98-43C9-A325-55483841BF73}.Debug|x64.ActiveCfg = Debug|Any CPU
		{63593AAB-AF98-43C9-A325-55483841BF73}.Debug|x64.Build.0 = Debug|Any CPU
		{63593AAB-AF98-43C9-A325-55483841BF73}.Debug|x86.ActiveCfg = Debug|Any CPU
		{63593AAB-AF98-43C9-A325-55483841BF73}.Debug|x86.Build.0 = Debug|Any CPU
		{63593AAB-AF98-43C9-A325-55483841BF73}.Release|Any CPU.ActiveCfg = Release|Any CPU
		{63593AAB-AF98-43C9-A325-55483841BF73}.Release|Any CPU.Build.0 = Release|Any CPU
		{63593AAB-AF98-43C9-A325-55483841BF73}.Release|x64.ActiveCfg = Release|Any CPU
		{63593AAB-AF98-43C9-A325-55483841BF73}.Release|x64.Build.0 = Release|Any CPU
		{63593AAB-AF98-43C9-A325-55483841BF73}.Release|x86.ActiveCfg = Release|Any CPU
		{63593AAB-AF98-43C9-A325-55483841BF73}.Release|x86.Build.0 = Release|Any CPU
		{80EB76B3-E176-4F4A-87A0-29291D929BFD}.Debug|Any CPU.ActiveCfg = Debug|Any CPU
		{80EB76B3-E176-4F4A-87A0-29291D929BFD}.Debug|Any CPU.Build.0 = Debug|Any CPU
		{80EB76B3-E176-4F4A-87A0-29291D929BFD}.Debug|x64.ActiveCfg = Debug|Any CPU
		{80EB76B3-E176-4F4A-87A0-29291D929BFD}.Debug|x64.Build.0 = Debug|Any CPU
		{80EB76B3-E176-4F4A-87A0-29291D929BFD}.Debug|x86.ActiveCfg = Debug|Any CPU
		{80EB76B3-E176-4F4A-87A0-29291D929BFD}.Debug|x86.Build.0 = Debug|Any CPU
		{80EB76B3-E176-4F4A-87A0-29291D929BFD}.Release|Any CPU.ActiveCfg = Release|Any CPU
		{80EB76B3-E176-4F4A-87A0-29291D929BFD}.Release|Any CPU.Build.0 = Release|Any CPU
		{80EB76B3-E176-4F4A-87A0-29291D929BFD}.Release|x64.ActiveCfg = Release|Any CPU
		{80EB76B3-E176-4F4A-87A0-29291D929BFD}.Release|x64.Build.0 = Release|Any CPU
		{80EB76B3-E176-4F4A-87A0-29291D929BFD}.Release|x86.ActiveCfg = Release|Any CPU
		{80EB76B3-E176-4F4A-87A0-29291D929BFD}.Release|x86.Build.0 = Release|Any CPU
		{7F006861-FB90-4928-9EF3-DD5167DCE67C}.Debug|Any CPU.ActiveCfg = Debug|Any CPU
		{7F006861-FB90-4928-9EF3-DD5167DCE67C}.Debug|Any CPU.Build.0 = Debug|Any CPU
		{7F006861-FB90-4928-9EF3-DD5167DCE67C}.Debug|x64.ActiveCfg = Debug|Any CPU
		{7F006861-FB90-4928-9EF3-DD5167DCE67C}.Debug|x64.Build.0 = Debug|Any CPU
		{7F006861-FB90-4928-9EF3-DD5167DCE67C}.Debug|x86.ActiveCfg = Debug|Any CPU
		{7F006861-FB90-4928-9EF3-DD5167DCE67C}.Debug|x86.Build.0 = Debug|Any CPU
		{7F006861-FB90-4928-9EF3-DD5167DCE67C}.Release|Any CPU.ActiveCfg = Release|Any CPU
		{7F006861-FB90-4928-9EF3-DD5167DCE67C}.Release|Any CPU.Build.0 = Release|Any CPU
		{7F006861-FB90-4928-9EF3-DD5167DCE67C}.Release|x64.ActiveCfg = Release|Any CPU
		{7F006861-FB90-4928-9EF3-DD5167DCE67C}.Release|x64.Build.0 = Release|Any CPU
		{7F006861-FB90-4928-9EF3-DD5167DCE67C}.Release|x86.ActiveCfg = Release|Any CPU
		{7F006861-FB90-4928-9EF3-DD5167DCE67C}.Release|x86.Build.0 = Release|Any CPU
		{E9667CEF-2843-4C2C-B513-2242A8BD644A}.Debug|Any CPU.ActiveCfg = Debug|Any CPU
		{E9667CEF-2843-4C2C-B513-2242A8BD644A}.Debug|Any CPU.Build.0 = Debug|Any CPU
		{E9667CEF-2843-4C2C-B513-2242A8BD644A}.Debug|x64.ActiveCfg = Debug|Any CPU
		{E9667CEF-2843-4C2C-B513-2242A8BD644A}.Debug|x64.Build.0 = Debug|Any CPU
		{E9667CEF-2843-4C2C-B513-2242A8BD644A}.Debug|x86.ActiveCfg = Debug|Any CPU
		{E9667CEF-2843-4C2C-B513-2242A8BD644A}.Debug|x86.Build.0 = Debug|Any CPU
		{E9667CEF-2843-4C2C-B513-2242A8BD644A}.Release|Any CPU.ActiveCfg = Release|Any CPU
		{E9667CEF-2843-4C2C-B513-2242A8BD644A}.Release|Any CPU.Build.0 = Release|Any CPU
		{E9667CEF-2843-4C2C-B513-2242A8BD644A}.Release|x64.ActiveCfg = Release|Any CPU
		{E9667CEF-2843-4C2C-B513-2242A8BD644A}.Release|x64.Build.0 = Release|Any CPU
		{E9667CEF-2843-4C2C-B513-2242A8BD644A}.Release|x86.ActiveCfg = Release|Any CPU
		{E9667CEF-2843-4C2C-B513-2242A8BD644A}.Release|x86.Build.0 = Release|Any CPU
		{4590F6DA-C720-41C2-AEEB-D9B76902D8F8}.Debug|Any CPU.ActiveCfg = Debug|Any CPU
		{4590F6DA-C720-41C2-AEEB-D9B76902D8F8}.Debug|Any CPU.Build.0 = Debug|Any CPU
		{4590F6DA-C720-41C2-AEEB-D9B76902D8F8}.Debug|x64.ActiveCfg = Debug|Any CPU
		{4590F6DA-C720-41C2-AEEB-D9B76902D8F8}.Debug|x64.Build.0 = Debug|Any CPU
		{4590F6DA-C720-41C2-AEEB-D9B76902D8F8}.Debug|x86.ActiveCfg = Debug|Any CPU
		{4590F6DA-C720-41C2-AEEB-D9B76902D8F8}.Debug|x86.Build.0 = Debug|Any CPU
		{4590F6DA-C720-41C2-AEEB-D9B76902D8F8}.Release|Any CPU.ActiveCfg = Release|Any CPU
		{4590F6DA-C720-41C2-AEEB-D9B76902D8F8}.Release|Any CPU.Build.0 = Release|Any CPU
		{4590F6DA-C720-41C2-AEEB-D9B76902D8F8}.Release|x64.ActiveCfg = Release|Any CPU
		{4590F6DA-C720-41C2-AEEB-D9B76902D8F8}.Release|x64.Build.0 = Release|Any CPU
		{4590F6DA-C720-41C2-AEEB-D9B76902D8F8}.Release|x86.ActiveCfg = Release|Any CPU
		{4590F6DA-C720-41C2-AEEB-D9B76902D8F8}.Release|x86.Build.0 = Release|Any CPU
		{7E58B476-2398-408F-B3E7-795F204F91A8}.Debug|Any CPU.ActiveCfg = Debug|Any CPU
		{7E58B476-2398-408F-B3E7-795F204F91A8}.Debug|Any CPU.Build.0 = Debug|Any CPU
		{7E58B476-2398-408F-B3E7-795F204F91A8}.Debug|x64.ActiveCfg = Debug|Any CPU
		{7E58B476-2398-408F-B3E7-795F204F91A8}.Debug|x64.Build.0 = Debug|Any CPU
		{7E58B476-2398-408F-B3E7-795F204F91A8}.Debug|x86.ActiveCfg = Debug|Any CPU
		{7E58B476-2398-408F-B3E7-795F204F91A8}.Debug|x86.Build.0 = Debug|Any CPU
		{7E58B476-2398-408F-B3E7-795F204F91A8}.Release|Any CPU.ActiveCfg = Release|Any CPU
		{7E58B476-2398-408F-B3E7-795F204F91A8}.Release|Any CPU.Build.0 = Release|Any CPU
		{7E58B476-2398-408F-B3E7-795F204F91A8}.Release|x64.ActiveCfg = Release|Any CPU
		{7E58B476-2398-408F-B3E7-795F204F91A8}.Release|x64.Build.0 = Release|Any CPU
		{7E58B476-2398-408F-B3E7-795F204F91A8}.Release|x86.ActiveCfg = Release|Any CPU
		{7E58B476-2398-408F-B3E7-795F204F91A8}.Release|x86.Build.0 = Release|Any CPU
		{2621619C-B8F6-4641-B9EE-837CB02009B9}.Debug|Any CPU.ActiveCfg = Debug|Any CPU
		{2621619C-B8F6-4641-B9EE-837CB02009B9}.Debug|Any CPU.Build.0 = Debug|Any CPU
		{2621619C-B8F6-4641-B9EE-837CB02009B9}.Debug|x64.ActiveCfg = Debug|Any CPU
		{2621619C-B8F6-4641-B9EE-837CB02009B9}.Debug|x64.Build.0 = Debug|Any CPU
		{2621619C-B8F6-4641-B9EE-837CB02009B9}.Debug|x86.ActiveCfg = Debug|Any CPU
		{2621619C-B8F6-4641-B9EE-837CB02009B9}.Debug|x86.Build.0 = Debug|Any CPU
		{2621619C-B8F6-4641-B9EE-837CB02009B9}.Release|Any CPU.ActiveCfg = Release|Any CPU
		{2621619C-B8F6-4641-B9EE-837CB02009B9}.Release|Any CPU.Build.0 = Release|Any CPU
		{2621619C-B8F6-4641-B9EE-837CB02009B9}.Release|x64.ActiveCfg = Release|Any CPU
		{2621619C-B8F6-4641-B9EE-837CB02009B9}.Release|x64.Build.0 = Release|Any CPU
		{2621619C-B8F6-4641-B9EE-837CB02009B9}.Release|x86.ActiveCfg = Release|Any CPU
		{2621619C-B8F6-4641-B9EE-837CB02009B9}.Release|x86.Build.0 = Release|Any CPU
	EndGlobalSection
	GlobalSection(SolutionProperties) = preSolution
		HideSolutionNode = FALSE
	EndGlobalSection
	GlobalSection(NestedProjects) = preSolution
		{21EBDEE2-CBF5-493B-A68D-EA25475F07B9} = {827E0CD3-B72D-47B6-A68D-7590B98EB39B}
		{22D5AFCA-C4C3-41B7-A25E-DD705355BEC9} = {827E0CD3-B72D-47B6-A68D-7590B98EB39B}
		{63593AAB-AF98-43C9-A325-55483841BF73} = {827E0CD3-B72D-47B6-A68D-7590B98EB39B}
		{80EB76B3-E176-4F4A-87A0-29291D929BFD} = {827E0CD3-B72D-47B6-A68D-7590B98EB39B}
		{7F006861-FB90-4928-9EF3-DD5167DCE67C} = {827E0CD3-B72D-47B6-A68D-7590B98EB39B}
		{E9667CEF-2843-4C2C-B513-2242A8BD644A} = {827E0CD3-B72D-47B6-A68D-7590B98EB39B}
		{4590F6DA-C720-41C2-AEEB-D9B76902D8F8} = {827E0CD3-B72D-47B6-A68D-7590B98EB39B}
		{7E58B476-2398-408F-B3E7-795F204F91A8} = {827E0CD3-B72D-47B6-A68D-7590B98EB39B}
		{2621619C-B8F6-4641-B9EE-837CB02009B9} = {827E0CD3-B72D-47B6-A68D-7590B98EB39B}
	EndGlobalSection
EndGlobal
